
Microsoft Visual Studio Solution File, Format Version 12.00
# Visual Studio Version 16
VisualStudioVersion = 16.0.29613.14
MinimumVisualStudioVersion = 10.0.40219.1
Project("{FAE04EC0-301F-11D3-BF4B-00C04F79EFBC}") = "TraverGo", "TraverGo\TraverGo.csproj", "{F6E965FF-9361-4F5A-AEC7-6509C5C59AE4}"
EndProject
Global
	GlobalSection(SolutionConfigurationPlatforms) = preSolution
		Debug|Any CPU = Debug|Any CPU
		Release|Any CPU = Release|Any CPU
	EndGlobalSection
	GlobalSection(ProjectConfigurationPlatforms) = postSolution
		{F6E965FF-9361-4F5A-AEC7-6509C5C59AE4}.Debug|Any CPU.ActiveCfg = Debug|Any CPU
		{F6E965FF-9361-4F5A-AEC7-6509C5C59AE4}.Debug|Any CPU.Build.0 = Debug|Any CPU
		{F6E965FF-9361-4F5A-AEC7-6509C5C59AE4}.Release|Any CPU.ActiveCfg = Release|Any CPU
		{F6E965FF-9361-4F5A-AEC7-6509C5C59AE4}.Release|Any CPU.Build.0 = Release|Any CPU
	EndGlobalSection
	GlobalSection(SolutionProperties) = preSolution
		HideSolutionNode = FALSE
	EndGlobalSection
	GlobalSection(ExtensibilityGlobals) = postSolution
		SolutionGuid = {80EB1AC1-7C11-4CE7-AA2D-E39209572DE5}
	EndGlobalSection
EndGlobal
